<?xml version="1.0" encoding="utf-8"?>
<Project ToolsVersion="4.0" xmlns="http://schemas.microsoft.com/developer/msbuild/2003">
  <ItemGroup>
    <Filter Include="源文件">
      <UniqueIdentifier>{4FC737F1-C7A5-4376-A066-2A32D752A2FF}</UniqueIdentifier>
      <Extensions>cpp;c;cc;cxx;def;odl;idl;hpj;bat;asm;asmx</Extensions>
    </Filter>
    <Filter Include="头文件">
      <UniqueIdentifier>{93995380-89BD-4b04-88EB-625FBE52EBFB}</UniqueIdentifier>
      <Extensions>h;hh;hpp;hxx;hm;inl;inc;xsd</Extensions>
    </Filter>
    <Filter Include="资源文件">
      <UniqueIdentifier>{67DA6AB6-F800-4c08-8B7A-83BB121AAD01}</UniqueIdentifier>
      <Extensions>rc;ico;cur;bmp;dlg;rc2;rct;bin;rgs;gif;jpg;jpeg;jpe;resx;tiff;tif;png;wav;mfcribbon-ms</Extensions>
    </Filter>
    <Filter Include="util">
      <UniqueIdentifier>{ecca87c5-cfa3-46d9-9f4c-bea4f4e077b8}</UniqueIdentifier>
    </Filter>
    <Filter Include="jni">
      <UniqueIdentifier>{688c3515-da8b-437d-b512-50fa3ba1ed02}</UniqueIdentifier>
    </Filter>
  </ItemGroup>
  <ItemGroup>
    <ClInclude Include="classdef.h">
      <Filter>头文件</Filter>
    </ClInclude>
    <ClInclude Include="dataindex.h">
      <Filter>头文件</Filter>
    </ClInclude>
    <ClInclude Include="dataqueue.h">
      <Filter>头文件</Filter>
    </ClInclude>
    <ClInclude Include="datastore.h">
      <Filter>头文件</Filter>
    </ClInclude>
    <ClInclude Include="dxtemplate.h">
      <Filter>头文件</Filter>
    </ClInclude>
    <ClInclude Include="searchstats.h">
      <Filter>头文件</Filter>
    </ClInclude>
    <ClInclude Include="syntaxparser.h">
      <Filter>头文件</Filter>
    </ClInclude>
    <ClInclude Include="filestream.h">
      <Filter>util</Filter>
    </ClInclude>
    <ClInclude Include="rwsyslock.h">
      <Filter>util</Filter>
    </ClInclude>
    <ClInclude Include="nativeindex.h">
      <Filter>jni</Filter>
    </ClInclude>
    <ClInclude Include="dictionary.h">
      <Filter>头文件</Filter>
    </ClInclude>
    <ClInclude Include="nativedici2i.h">
      <Filter>jni</Filter>
    </ClInclude>
    <ClInclude Include="nativedics2s.h">
      <Filter>jni</Filter>
    </ClInclude>
    <ClInclude Include="dicmapi2b.h">
      <Filter>util</Filter>
    </ClInclude>
    <ClInclude Include="dicmapi2s.h">
      <Filter>util</Filter>
    </ClInclude>
    <ClInclude Include="dicmapi2i.h">
      <Filter>util</Filter>
    </ClInclude>
    <ClInclude Include="nativedici2b.h">
      <Filter>jni</Filter>
    </ClInclude>
    <ClInclude Include="dicmaps2s.h">
      <Filter>util</Filter>
    </ClInclude>
    <ClInclude Include="dicmaps2b.h">
      <Filter>util</Filter>
    </ClInclude>
    <ClInclude Include="dichashset.h">
      <Filter>util</Filter>
    </ClInclude>
    <ClInclude Include="nativeintset.h">
      <Filter>jni</Filter>
    </ClInclude>
    <ClInclude Include="stopdecoder.h">
      <Filter>util</Filter>
    </ClInclude>
    <ClInclude Include="stopencoder.h">
      <Filter>util</Filter>
    </ClInclude>
    <ClInclude Include="sequence.h">
      <Filter>util</Filter>
    </ClInclude>
    <ClInclude Include="exeplan.h">
      <Filter>头文件</Filter>
    </ClInclude>
    <ClInclude Include="nativebase.h">
      <Filter>jni</Filter>
    </ClInclude>
    <ClInclude Include="reversebase.h">
      <Filter>头文件</Filter>
    </ClInclude>
    <ClInclude Include="reverseindex.h">
      <Filter>头文件</Filter>
    </ClInclude>
    <ClInclude Include="btreei2b.h">
      <Filter>util</Filter>
    </ClInclude>
    <ClInclude Include="nativebtree.h">
      <Filter>jni</Filter>
    </ClInclude>
    <ClInclude Include="nativejni.h">
      <Filter>jni</Filter>
    </ClInclude>
    <ClInclude Include="nativeembtree.h">
      <Filter>jni</Filter>
    </ClInclude>
    <ClInclude Include="nativedics2i.h">
      <Filter>jni</Filter>
    </ClInclude>
    <ClInclude Include="elastici2b.h">
      <Filter>util</Filter>
    </ClInclude>
    <ClInclude Include="elasticb2i.h">
      <Filter>util</Filter>
    </ClInclude>
    <ClInclude Include="elastici2i.h">
      <Filter>util</Filter>
    </ClInclude>
  </ItemGroup>
  <ItemGroup>
    <ClCompile Include="reversedb.cpp">
      <Filter>源文件</Filter>
    </ClCompile>
  </ItemGroup>
</Project>